
Microsoft Visual Studio Solution File, Format Version 12.00
# Visual Studio Version 17
VisualStudioVersion = 17.14.36301.6 d17.14
MinimumVisualStudioVersion = 10.0.40219.1
Project("{FAE04EC0-301F-11D3-BF4B-00C04F79EFBC}") = "AUTHULU", "AUTHULU\AUTHULU.csproj", "{CDAFB581-C8B4-4681-9603-A968337A2214}"
EndProject
Global
	GlobalSection(SolutionConfigurationPlatforms) = preSolution
		Debug|Any CPU = Debug|Any CPU
		Release|Any CPU = Release|Any CPU
	EndGlobalSection
	GlobalSection(ProjectConfigurationPlatforms) = postSolution
		{CDAFB581-C8B4-4681-9603-A968337A2214}.Debug|Any CPU.ActiveCfg = Debug|Any CPU
		{CDAFB581-C8B4-4681-9603-A968337A2214}.Debug|Any CPU.Build.0 = Debug|Any CPU
		{CDAFB581-C8B4-4681-9603-A968337A2214}.Release|Any CPU.ActiveCfg = Release|Any CPU
		{CDAFB581-C8B4-4681-9603-A968337A2214}.Release|Any CPU.Build.0 = Release|Any CPU
	EndGlobalSection
	GlobalSection(SolutionProperties) = preSolution
		HideSolutionNode = FALSE
	EndGlobalSection
	GlobalSection(ExtensibilityGlobals) = postSolution
		SolutionGuid = {DE2B2C85-D885-420E-BF25-EE395A33C1A9}
	EndGlobalSection
EndGlobal
